
Microsoft Visual Studio Solution File, Format Version 12.00
# Visual Studio Version 17
VisualStudioVersion = 17.3.32929.385
MinimumVisualStudioVersion = 10.0.40219.1
Project("{F184B08F-C81C-45F6-A57F-5ABD9991F28F}") = "DB Practice", "DB Practice\DB Practice.vbproj", "{5F36B80C-6627-4938-B82C-F99F402F364D}"
EndProject
Global
	GlobalSection(SolutionConfigurationPlatforms) = preSolution
		Debug|Any CPU = Debug|Any CPU
		Release|Any CPU = Release|Any CPU
	EndGlobalSection
	GlobalSection(ProjectConfigurationPlatforms) = postSolution
		{5F36B80C-6627-4938-B82C-F99F402F364D}.Debug|Any CPU.ActiveCfg = Debug|Any CPU
		{5F36B80C-6627-4938-B82C-F99F402F364D}.Debug|Any CPU.Build.0 = Debug|Any CPU
		{5F36B80C-6627-4938-B82C-F99F402F364D}.Release|Any CPU.ActiveCfg = Release|Any CPU
		{5F36B80C-6627-4938-B82C-F99F402F364D}.Release|Any CPU.Build.0 = Release|Any CPU
	EndGlobalSection
	GlobalSection(SolutionProperties) = preSolution
		HideSolutionNode = FALSE
	EndGlobalSection
	GlobalSection(ExtensibilityGlobals) = postSolution
		SolutionGuid = {7E9C09D9-F712-46F2-8DD9-A091DFFC22CF}
	EndGlobalSection
EndGlobal
